
Microsoft Visual Studio Solution File, Format Version 11.00
# Visual Studio 2010
Project("{FAE04EC0-301F-11D3-BF4B-00C04F79EFBC}") = "Hogwarts", "Hogwarts.csproj", "{AFB9F4EE-D958-6ED8-1C46-042F4BD9600C}"
EndProject
Project("{FAE04EC0-301F-11D3-BF4B-00C04F79EFBC}") = "Hogwarts-Editor", "Hogwarts-Editor.csproj", "{FF34A82C-581B-42BE-F3EC-30F1642037D4}"
EndProject
Global
	GlobalSection(SolutionConfigurationPlatforms) = preSolution
		Debug|Any CPU = Debug|Any CPU
		Release|Any CPU = Release|Any CPU
	EndGlobalSection
	GlobalSection(ProjectConfigurationPlatforms) = postSolution
		{AFB9F4EE-D958-6ED8-1C46-042F4BD9600C}.Debug|Any CPU.ActiveCfg = Debug|Any CPU
		{AFB9F4EE-D958-6ED8-1C46-042F4BD9600C}.Debug|Any CPU.Build.0 = Debug|Any CPU
		{AFB9F4EE-D958-6ED8-1C46-042F4BD9600C}.Release|Any CPU.ActiveCfg = Release|Any CPU
		{AFB9F4EE-D958-6ED8-1C46-042F4BD9600C}.Release|Any CPU.Build.0 = Release|Any CPU
		{FF34A82C-581B-42BE-F3EC-30F1642037D4}.Debug|Any CPU.ActiveCfg = Debug|Any CPU
		{FF34A82C-581B-42BE-F3EC-30F1642037D4}.Debug|Any CPU.Build.0 = Debug|Any CPU
		{FF34A82C-581B-42BE-F3EC-30F1642037D4}.Release|Any CPU.ActiveCfg = Release|Any CPU
		{FF34A82C-581B-42BE-F3EC-30F1642037D4}.Release|Any CPU.Build.0 = Release|Any CPU
	EndGlobalSection
	GlobalSection(SolutionProperties) = preSolution
		HideSolutionNode = FALSE
	EndGlobalSection
	GlobalSection(MonoDevelopProperties) = preSolution
		StartupItem = Hogwarts.csproj
	EndGlobalSection
EndGlobal
